
Microsoft Visual Studio Solution File, Format Version 12.00
# Visual Studio Version 17
VisualStudioVersion = 17.11.35312.102
MinimumVisualStudioVersion = 10.0.40219.1
Project("{9A19103F-16F7-4668-BE54-9A1E7A4F7556}") = "ECP.API", "ECP.API\ECP.API.csproj", "{795BD9A4-6909-4441-9849-6BC7CF903AF5}"
EndProject
Project("{9A19103F-16F7-4668-BE54-9A1E7A4F7556}") = "ECP.UI.Client", "ECP.UI\ECP.UI.Client\ECP.UI.Client.csproj", "{412D6919-96AE-4839-909E-EECBF65D9C03}"
EndProject
Project("{9A19103F-16F7-4668-BE54-9A1E7A4F7556}") = "ECP.UI.Server", "ECP.UI\ECP.UI.Server\ECP.UI.Server.csproj", "{19B23BCF-FBED-484F-9183-BE08337C0F98}"
EndProject
Project("{9A19103F-16F7-4668-BE54-9A1E7A4F7556}") = "ECP.Shared", "ECP.Shared\ECP.Shared.csproj", "{3A9152B3-49EA-4C22-93DB-EEFB22732AAC}"
EndProject
Project("{9A19103F-16F7-4668-BE54-9A1E7A4F7556}") = "ECP.API.Tests", "ECP.API.Tests\ECP.API.Tests.csproj", "{C727F746-B67C-4E3E-8D35-17025C87144E}"
EndProject
Global
	GlobalSection(SolutionConfigurationPlatforms) = preSolution
		Debug|Any CPU = Debug|Any CPU
		Release|Any CPU = Release|Any CPU
	EndGlobalSection
	GlobalSection(ProjectConfigurationPlatforms) = postSolution
		{795BD9A4-6909-4441-9849-6BC7CF903AF5}.Debug|Any CPU.ActiveCfg = Debug|Any CPU
		{795BD9A4-6909-4441-9849-6BC7CF903AF5}.Debug|Any CPU.Build.0 = Debug|Any CPU
		{795BD9A4-6909-4441-9849-6BC7CF903AF5}.Release|Any CPU.ActiveCfg = Release|Any CPU
		{795BD9A4-6909-4441-9849-6BC7CF903AF5}.Release|Any CPU.Build.0 = Release|Any CPU
		{412D6919-96AE-4839-909E-EECBF65D9C03}.Debug|Any CPU.ActiveCfg = Debug|Any CPU
		{412D6919-96AE-4839-909E-EECBF65D9C03}.Debug|Any CPU.Build.0 = Debug|Any CPU
		{412D6919-96AE-4839-909E-EECBF65D9C03}.Release|Any CPU.ActiveCfg = Release|Any CPU
		{412D6919-96AE-4839-909E-EECBF65D9C03}.Release|Any CPU.Build.0 = Release|Any CPU
		{19B23BCF-FBED-484F-9183-BE08337C0F98}.Debug|Any CPU.ActiveCfg = Debug|Any CPU
		{19B23BCF-FBED-484F-9183-BE08337C0F98}.Debug|Any CPU.Build.0 = Debug|Any CPU
		{19B23BCF-FBED-484F-9183-BE08337C0F98}.Release|Any CPU.ActiveCfg = Release|Any CPU
		{19B23BCF-FBED-484F-9183-BE08337C0F98}.Release|Any CPU.Build.0 = Release|Any CPU
		{3A9152B3-49EA-4C22-93DB-EEFB22732AAC}.Debug|Any CPU.ActiveCfg = Debug|Any CPU
		{3A9152B3-49EA-4C22-93DB-EEFB22732AAC}.Debug|Any CPU.Build.0 = Debug|Any CPU
		{3A9152B3-49EA-4C22-93DB-EEFB22732AAC}.Release|Any CPU.ActiveCfg = Release|Any CPU
		{3A9152B3-49EA-4C22-93DB-EEFB22732AAC}.Release|Any CPU.Build.0 = Release|Any CPU
		{C727F746-B67C-4E3E-8D35-17025C87144E}.Debug|Any CPU.ActiveCfg = Debug|Any CPU
		{C727F746-B67C-4E3E-8D35-17025C87144E}.Debug|Any CPU.Build.0 = Debug|Any CPU
		{C727F746-B67C-4E3E-8D35-17025C87144E}.Release|Any CPU.ActiveCfg = Release|Any CPU
		{C727F746-B67C-4E3E-8D35-17025C87144E}.Release|Any CPU.Build.0 = Release|Any CPU
	EndGlobalSection
	GlobalSection(SolutionProperties) = preSolution
		HideSolutionNode = FALSE
	EndGlobalSection
	GlobalSection(ExtensibilityGlobals) = postSolution
		SolutionGuid = {FBB5A4D0-BA2B-44EA-98A8-0B64FC535F7D}
	EndGlobalSection
EndGlobal
